
Microsoft Visual Studio Solution File, Format Version 12.00
# Visual Studio 15
Project("{FAE04EC0-301F-11D3-BF4B-00C04F79EFBC}") = "Assembly-CSharp", "Assembly-CSharp.csproj", "{F5ECD5FE-E2E0-28B2-98DC-2F9F4AC2047D}"
EndProject
Global
	GlobalSection(SolutionConfigurationPlatforms) = preSolution
		Debug|Any CPU = Debug|Any CPU
		Release|Any CPU = Release|Any CPU
	EndGlobalSection
	GlobalSection(ProjectConfigurationPlatforms) = postSolution
		{F5ECD5FE-E2E0-28B2-98DC-2F9F4AC2047D}.Debug|Any CPU.ActiveCfg = Debug|Any CPU
		{F5ECD5FE-E2E0-28B2-98DC-2F9F4AC2047D}.Debug|Any CPU.Build.0 = Debug|Any CPU
		{F5ECD5FE-E2E0-28B2-98DC-2F9F4AC2047D}.Release|Any CPU.ActiveCfg = Release|Any CPU
		{F5ECD5FE-E2E0-28B2-98DC-2F9F4AC2047D}.Release|Any CPU.Build.0 = Release|Any CPU
	EndGlobalSection
	GlobalSection(SolutionProperties) = preSolution
		HideSolutionNode = FALSE
	EndGlobalSection
EndGlobal
